
Microsoft Visual Studio Solution File, Format Version 12.00
# Visual Studio Version 17
VisualStudioVersion = 17.8.34309.116
MinimumVisualStudioVersion = 10.0.40219.1
Project("{8BC9CEB8-8B4A-11D0-8D11-00A0C91BC942}") = "dynamicTaxes", "dynamicTaxes\dynamicTaxes.vcxproj", "{29123A87-7A25-4005-A791-B61C4F218A15}"
EndProject
Global
	GlobalSection(SolutionConfigurationPlatforms) = preSolution
		Debug|x64 = Debug|x64
		Debug|x86 = Debug|x86
		Release|x64 = Release|x64
		Release|x86 = Release|x86
	EndGlobalSection
	GlobalSection(ProjectConfigurationPlatforms) = postSolution
		{29123A87-7A25-4005-A791-B61C4F218A15}.Debug|x64.ActiveCfg = Debug|x64
		{29123A87-7A25-4005-A791-B61C4F218A15}.Debug|x64.Build.0 = Debug|x64
		{29123A87-7A25-4005-A791-B61C4F218A15}.Debug|x86.ActiveCfg = Debug|Win32
		{29123A87-7A25-4005-A791-B61C4F218A15}.Debug|x86.Build.0 = Debug|Win32
		{29123A87-7A25-4005-A791-B61C4F218A15}.Release|x64.ActiveCfg = Release|x64
		{29123A87-7A25-4005-A791-B61C4F218A15}.Release|x64.Build.0 = Release|x64
		{29123A87-7A25-4005-A791-B61C4F218A15}.Release|x86.ActiveCfg = Release|Win32
		{29123A87-7A25-4005-A791-B61C4F218A15}.Release|x86.Build.0 = Release|Win32
	EndGlobalSection
	GlobalSection(SolutionProperties) = preSolution
		HideSolutionNode = FALSE
	EndGlobalSection
	GlobalSection(ExtensibilityGlobals) = postSolution
		SolutionGuid = {8A77CB10-9B0D-4698-8898-4E8E4D3A12B4}
	EndGlobalSection
EndGlobal
